# This file is automatically @generated by Cargo.
# It is not intended for manual editing.
version = 4

[[package]]
name = "kvm-bindings"
version = "0.14.0"
source = "registry+https://github.com/rust-lang/crates.io-index"
checksum = "4b3c06ff73c7ce03e780887ec2389d62d2a2a9ddf471ab05c2ff69207cd3f3b4"

[[package]]
name = "libc"
version = "0.2.186"
source = "registry+https://github.com/rust-lang/crates.io-index"
checksum = "68ab91017fe16c622486840e4c83c9a37afeff978bd239b5293d61ece587de66"

[[package]]
name = "mini-kvm"
version = "0.1.0"
dependencies = [
 "kvm-bindings",
 "libc",
]
